
Microsoft Visual Studio Solution File, Format Version 12.00
# Visual Studio 15
VisualStudioVersion = 15.0.28010.2016
MinimumVisualStudioVersion = 10.0.40219.1
Project("{FAE04EC0-301F-11D3-BF4B-00C04F79EFBC}") = "MyFirstMVC", "MyFirstMVC\MyFirstMVC.csproj", "{CF978EBB-5971-439C-A7AD-A7CB01525697}"
EndProject
Global
	GlobalSection(SolutionConfigurationPlatforms) = preSolution
		Debug|Any CPU = Debug|Any CPU
		Release|Any CPU = Release|Any CPU
	EndGlobalSection
	GlobalSection(ProjectConfigurationPlatforms) = postSolution
		{CF978EBB-5971-439C-A7AD-A7CB01525697}.Debug|Any CPU.ActiveCfg = Debug|Any CPU
		{CF978EBB-5971-439C-A7AD-A7CB01525697}.Debug|Any CPU.Build.0 = Debug|Any CPU
		{CF978EBB-5971-439C-A7AD-A7CB01525697}.Release|Any CPU.ActiveCfg = Release|Any CPU
		{CF978EBB-5971-439C-A7AD-A7CB01525697}.Release|Any CPU.Build.0 = Release|Any CPU
	EndGlobalSection
	GlobalSection(SolutionProperties) = preSolution
		HideSolutionNode = FALSE
	EndGlobalSection
	GlobalSection(ExtensibilityGlobals) = postSolution
		SolutionGuid = {64A88201-E5DE-4248-A215-C76F10207330}
	EndGlobalSection
EndGlobal
